// !$*UTF8*$!
{
	archiveVersion = 1;
	classes = {
	};
	objectVersion = 50;
	objects = {

/* Begin PBXBuildFile section */
		C40567BB21E631F100688197 /* WarManager.swift in Sources */ = {isa = PBXBuildFile; fileRef = C40567BA21E631F100688197 /* WarManager.swift */; };
		C461C53221E689F4007F6E84 /* Extension.swift in Sources */ = {isa = PBXBuildFile; fileRef = C461C53121E689F4007F6E84 /* Extension.swift */; };
		C4EF136121E4B54100BEFF18 /* AppDelegate.swift in Sources */ = {isa = PBXBuildFile; fileRef = C4EF136021E4B54100BEFF18 /* AppDelegate.swift */; };
		C4EF136321E4B54100BEFF18 /* ViewController.swift in Sources */ = {isa = PBXBuildFile; fileRef = C4EF136221E4B54100BEFF18 /* ViewController.swift */; };
		C4EF136621E4B54100BEFF18 /* Main.storyboard in Resources */ = {isa = PBXBuildFile; fileRef = C4EF136421E4B54100BEFF18 /* Main.storyboard */; };
		C4EF136821E4B54300BEFF18 /* Assets.xcassets in Resources */ = {isa = PBXBuildFile; fileRef = C4EF136721E4B54300BEFF18 /* Assets.xcassets */; };
		C4EF136B21E4B54300BEFF18 /* LaunchScreen.storyboard in Resources */ = {isa = PBXBuildFile; fileRef = C4EF136921E4B54300BEFF18 /* LaunchScreen.storyboard */; };
		C4EF137321E4B58000BEFF18 /* BaseCharacters.swift in Sources */ = {isa = PBXBuildFile; fileRef = C4EF137221E4B58000BEFF18 /* BaseCharacters.swift */; };
		C4EF137521E4B84D00BEFF18 /* Hero.swift in Sources */ = {isa = PBXBuildFile; fileRef = C4EF137421E4B84D00BEFF18 /* Hero.swift */; };
		C4EF137821E4BCCA00BEFF18 /* Bug.swift in Sources */ = {isa = PBXBuildFile; fileRef = C4EF137721E4BCCA00BEFF18 /* Bug.swift */; };
		C4EF137A21E4BCF800BEFF18 /* Lion.swift in Sources */ = {isa = PBXBuildFile; fileRef = C4EF137921E4BCF800BEFF18 /* Lion.swift */; };
		C4EF137C21E4BD2300BEFF18 /* Mutant.swift in Sources */ = {isa = PBXBuildFile; fileRef = C4EF137B21E4BD2300BEFF18 /* Mutant.swift */; };
		C4EF137E21E4BD5100BEFF18 /* Zombie.swift in Sources */ = {isa = PBXBuildFile; fileRef = C4EF137D21E4BD5100BEFF18 /* Zombie.swift */; };
		C4EF138021E4BD7200BEFF18 /* ZombieDog.swift in Sources */ = {isa = PBXBuildFile; fileRef = C4EF137F21E4BD7200BEFF18 /* ZombieDog.swift */; };
		C4EF138321E4C1C300BEFF18 /* Helper.swift in Sources */ = {isa = PBXBuildFile; fileRef = C4EF138221E4C1C300BEFF18 /* Helper.swift */; };
/* End PBXBuildFile section */

/* Begin PBXFileReference section */
		C40567BA21E631F100688197 /* WarManager.swift */ = {isa = PBXFileReference; lastKnownFileType = sourcecode.swift; path = WarManager.swift; sourceTree = "<group>"; };
		C461C53121E689F4007F6E84 /* Extension.swift */ = {isa = PBXFileReference; lastKnownFileType = sourcecode.swift; path = Extension.swift; sourceTree = "<group>"; };
		C4EF135D21E4B54100BEFF18 /* WW2.app */ = {isa = PBXFileReference; explicitFileType = wrapper.application; includeInIndex = 0; path = WW2.app; sourceTree = BUILT_PRODUCTS_DIR; };
		C4EF136021E4B54100BEFF18 /* AppDelegate.swift */ = {isa = PBXFileReference; lastKnownFileType = sourcecode.swift; path = AppDelegate.swift; sourceTree = "<group>"; };
		C4EF136221E4B54100BEFF18 /* ViewController.swift */ = {isa = PBXFileReference; lastKnownFileType = sourcecode.swift; path = ViewController.swift; sourceTree = "<group>"; };
		C4EF136521E4B54100BEFF18 /* Base */ = {isa = PBXFileReference; lastKnownFileType = file.storyboard; name = Base; path = Base.lproj/Main.storyboard; sourceTree = "<group>"; };
		C4EF136721E4B54300BEFF18 /* Assets.xcassets */ = {isa = PBXFileReference; lastKnownFileType = folder.assetcatalog; path = Assets.xcassets; sourceTree = "<group>"; };
		C4EF136A21E4B54300BEFF18 /* Base */ = {isa = PBXFileReference; lastKnownFileType = file.storyboard; name = Base; path = Base.lproj/LaunchScreen.storyboard; sourceTree = "<group>"; };
		C4EF136C21E4B54300BEFF18 /* Info.plist */ = {isa = PBXFileReference; lastKnownFileType = text.plist.xml; path = Info.plist; sourceTree = "<group>"; };
		C4EF137221E4B58000BEFF18 /* BaseCharacters.swift */ = {isa = PBXFileReference; lastKnownFileType = sourcecode.swift; path = BaseCharacters.swift; sourceTree = "<group>"; };
		C4EF137421E4B84D00BEFF18 /* Hero.swift */ = {isa = PBXFileReference; lastKnownFileType = sourcecode.swift; path = Hero.swift; sourceTree = "<group>"; };
		C4EF137721E4BCCA00BEFF18 /* Bug.swift */ = {isa = PBXFileReference; lastKnownFileType = sourcecode.swift; path = Bug.swift; sourceTree = "<group>"; };
		C4EF137921E4BCF800BEFF18 /* Lion.swift */ = {isa = PBXFileReference; lastKnownFileType = sourcecode.swift; path = Lion.swift; sourceTree = "<group>"; };
		C4EF137B21E4BD2300BEFF18 /* Mutant.swift */ = {isa = PBXFileReference; lastKnownFileType = sourcecode.swift; path = Mutant.swift; sourceTree = "<group>"; };
		C4EF137D21E4BD5100BEFF18 /* Zombie.swift */ = {isa = PBXFileReference; lastKnownFileType = sourcecode.swift; path = Zombie.swift; sourceTree = "<group>"; };
		C4EF137F21E4BD7200BEFF18 /* ZombieDog.swift */ = {isa = PBXFileReference; lastKnownFileType = sourcecode.swift; path = ZombieDog.swift; sourceTree = "<group>"; };
		C4EF138221E4C1C300BEFF18 /* Helper.swift */ = {isa = PBXFileReference; lastKnownFileType = sourcecode.swift; path = Helper.swift; sourceTree = "<group>"; };
/* End PBXFileReference section */

/* Begin PBXFrameworksBuildPhase section */
		C4EF135A21E4B54100BEFF18 /* Frameworks */ = {
			isa = PBXFrameworksBuildPhase;
			buildActionMask = 2147483647;
			files = (
			);
			runOnlyForDeploymentPostprocessing = 0;
		};
/* End PBXFrameworksBuildPhase section */

/* Begin PBXGroup section */
		C4EF135421E4B54100BEFF18 = {
			isa = PBXGroup;
			children = (
				C4EF135F21E4B54100BEFF18 /* WW2 */,
				C4EF135E21E4B54100BEFF18 /* Products */,
			);
			sourceTree = "<group>";
		};
		C4EF135E21E4B54100BEFF18 /* Products */ = {
			isa = PBXGroup;
			children = (
				C4EF135D21E4B54100BEFF18 /* WW2.app */,
			);
			name = Products;
			sourceTree = "<group>";
		};
		C4EF135F21E4B54100BEFF18 /* WW2 */ = {
			isa = PBXGroup;
			children = (
				C4EF138121E4C1A400BEFF18 /* Helper */,
				C4EF137621E4BCA100BEFF18 /* Character */,
				C4EF136021E4B54100BEFF18 /* AppDelegate.swift */,
				C4EF136221E4B54100BEFF18 /* ViewController.swift */,
				C4EF136421E4B54100BEFF18 /* Main.storyboard */,
				C4EF136721E4B54300BEFF18 /* Assets.xcassets */,
				C4EF136921E4B54300BEFF18 /* LaunchScreen.storyboard */,
				C4EF136C21E4B54300BEFF18 /* Info.plist */,
			);
			path = WW2;
			sourceTree = "<group>";
		};
		C4EF137621E4BCA100BEFF18 /* Character */ = {
			isa = PBXGroup;
			children = (
				C4EF137221E4B58000BEFF18 /* BaseCharacters.swift */,
				C4EF137421E4B84D00BEFF18 /* Hero.swift */,
				C4EF137721E4BCCA00BEFF18 /* Bug.swift */,
				C4EF137921E4BCF800BEFF18 /* Lion.swift */,
				C4EF137B21E4BD2300BEFF18 /* Mutant.swift */,
				C4EF137D21E4BD5100BEFF18 /* Zombie.swift */,
				C4EF137F21E4BD7200BEFF18 /* ZombieDog.swift */,
			);
			path = Character;
			sourceTree = "<group>";
		};
		C4EF138121E4C1A400BEFF18 /* Helper */ = {
			isa = PBXGroup;
			children = (
				C461C53121E689F4007F6E84 /* Extension.swift */,
				C4EF138221E4C1C300BEFF18 /* Helper.swift */,
				C40567BA21E631F100688197 /* WarManager.swift */,
			);
			path = Helper;
			sourceTree = "<group>";
		};
/* End PBXGroup section */

/* Begin PBXNativeTarget section */
		C4EF135C21E4B54100BEFF18 /* WW2 */ = {
			isa = PBXNativeTarget;
			buildConfigurationList = C4EF136F21E4B54300BEFF18 /* Build configuration list for PBXNativeTarget "WW2" */;
			buildPhases = (
				C4EF135921E4B54100BEFF18 /* Sources */,
				C4EF135A21E4B54100BEFF18 /* Frameworks */,
				C4EF135B21E4B54100BEFF18 /* Resources */,
			);
			buildRules = (
			);
			dependencies = (
			);
			name = WW2;
			productName = WW2;
			productReference = C4EF135D21E4B54100BEFF18 /* WW2.app */;
			productType = "com.apple.product-type.application";
		};
/* End PBXNativeTarget section */

/* Begin PBXProject section */
		C4EF135521E4B54100BEFF18 /* Project object */ = {
			isa = PBXProject;
			attributes = {
				LastSwiftUpdateCheck = 1010;
				LastUpgradeCheck = 1010;
				ORGANIZATIONNAME = "Yusuf Çınar";
				TargetAttributes = {
					C4EF135C21E4B54100BEFF18 = {
						CreatedOnToolsVersion = 10.1;
					};
				};
			};
			buildConfigurationList = C4EF135821E4B54100BEFF18 /* Build configuration list for PBXProject "WW2" */;
			compatibilityVersion = "Xcode 9.3";
			developmentRegion = en;
			hasScannedForEncodings = 0;
			knownRegions = (
				en,
				Base,
			);
			mainGroup = C4EF135421E4B54100BEFF18;
			productRefGroup = C4EF135E21E4B54100BEFF18 /* Products */;
			projectDirPath = "";
			projectRoot = "";
			targets = (
				C4EF135C21E4B54100BEFF18 /* WW2 */,
			);
		};
/* End PBXProject section */

/* Begin PBXResourcesBuildPhase section */
		C4EF135B21E4B54100BEFF18 /* Resources */ = {
			isa = PBXResourcesBuildPhase;
			buildActionMask = 2147483647;
			files = (
				C4EF136B21E4B54300BEFF18 /* LaunchScreen.storyboard in Resources */,
				C4EF136821E4B54300BEFF18 /* Assets.xcassets in Resources */,
				C4EF136621E4B54100BEFF18 /* Main.storyboard in Resources */,
			);
			runOnlyForDeploymentPostprocessing = 0;
		};
/* End PBXResourcesBuildPhase section */

/* Begin PBXSourcesBuildPhase section */
		C4EF135921E4B54100BEFF18 /* Sources */ = {
			isa = PBXSourcesBuildPhase;
			buildActionMask = 2147483647;
			files = (
				C4EF136321E4B54100BEFF18 /* ViewController.swift in Sources */,
				C4EF136121E4B54100BEFF18 /* AppDelegate.swift in Sources */,
				C4EF137321E4B58000BEFF18 /* BaseCharacters.swift in Sources */,
				C461C53221E689F4007F6E84 /* Extension.swift in Sources */,
				C4EF137A21E4BCF800BEFF18 /* Lion.swift in Sources */,
				C4EF137521E4B84D00BEFF18 /* Hero.swift in Sources */,
				C4EF137E21E4BD5100BEFF18 /* Zombie.swift in Sources */,
				C4EF137821E4BCCA00BEFF18 /* Bug.swift in Sources */,
				C4EF138321E4C1C300BEFF18 /* Helper.swift in Sources */,
				C4EF138021E4BD7200BEFF18 /* ZombieDog.swift in Sources */,
				C4EF137C21E4BD2300BEFF18 /* Mutant.swift in Sources */,
				C40567BB21E631F100688197 /* WarManager.swift in Sources */,
			);
			runOnlyForDeploymentPostprocessing = 0;
		};
/* End PBXSourcesBuildPhase section */

/* Begin PBXVariantGroup section */
		C4EF136421E4B54100BEFF18 /* Main.storyboard */ = {
			isa = PBXVariantGroup;
			children = (
				C4EF136521E4B54100BEFF18 /* Base */,
			);
			name = Main.storyboard;
			sourceTree = "<group>";
		};
		C4EF136921E4B54300BEFF18 /* LaunchScreen.storyboard */ = {
			isa = PBXVariantGroup;
			children = (
				C4EF136A21E4B54300BEFF18 /* Base */,
			);
			name = LaunchScreen.storyboard;
			sourceTree = "<group>";
		};
/* End PBXVariantGroup section */

/* Begin XCBuildConfiguration section */
		C4EF136D21E4B54300BEFF18 /* Debug */ = {
			isa = XCBuildConfiguration;
			buildSettings = {
				ALWAYS_SEARCH_USER_PATHS = NO;
				CLANG_ANALYZER_NONNULL = YES;
				CLANG_ANALYZER_NUMBER_OBJECT_CONVERSION = YES_AGGRESSIVE;
				CLANG_CXX_LANGUAGE_STANDARD = "gnu++14";
				CLANG_CXX_LIBRARY = "libc++";
				CLANG_ENABLE_MODULES = YES;
				CLANG_ENABLE_OBJC_ARC = YES;
				CLANG_ENABLE_OBJC_WEAK = YES;
				CLANG_WARN_BLOCK_CAPTURE_AUTORELEASING = YES;
				CLANG_WARN_BOOL_CONVERSION = YES;
				CLANG_WARN_COMMA = YES;
				CLANG_WARN_CONSTANT_CONVERSION = YES;
				CLANG_WARN_DEPRECATED_OBJC_IMPLEMENTATIONS = YES;
				CLANG_WARN_DIRECT_OBJC_ISA_USAGE = YES_ERROR;
				CLANG_WARN_DOCUMENTATION_COMMENTS = YES;
				CLANG_WARN_EMPTY_BODY = YES;
				CLANG_WARN_ENUM_CONVERSION = YES;
				CLANG_WARN_INFINITE_RECURSION = YES;
				CLANG_WARN_INT_CONVERSION = YES;
				CLANG_WARN_NON_LITERAL_NULL_CONVERSION = YES;
				CLANG_WARN_OBJC_IMPLICIT_RETAIN_SELF = YES;
				CLANG_WARN_OBJC_LITERAL_CONVERSION = YES;
				CLANG_WARN_OBJC_ROOT_CLASS = YES_ERROR;
				CLANG_WARN_RANGE_LOOP_ANALYSIS = YES;
				CLANG_WARN_STRICT_PROTOTYPES = YES;
				CLANG_WARN_SUSPICIOUS_MOVE = YES;
				CLANG_WARN_UNGUARDED_AVAILABILITY = YES_AGGRESSIVE;
				CLANG_WARN_UNREACHABLE_CODE = YES;
				CLANG_WARN__DUPLICATE_METHOD_MATCH = YES;
				CODE_SIGN_IDENTITY = "iPhone Developer";
				COPY_PHASE_STRIP = NO;
				DEBUG_INFORMATION_FORMAT = dwarf;
				ENABLE_STRICT_OBJC_MSGSEND = YES;
				ENABLE_TESTABILITY = YES;
				GCC_C_LANGUAGE_STANDARD = gnu11;
				GCC_DYNAMIC_NO_PIC = NO;
				GCC_NO_COMMON_BLOCKS = YES;
				GCC_OPTIMIZATION_LEVEL = 0;
				GCC_PREPROCESSOR_DEFINITIONS = (
					"DEBUG=1",
					"$(inherited)",
				);
				GCC_WARN_64_TO_32_BIT_CONVERSION = YES;
				GCC_WARN_ABOUT_RETURN_TYPE = YES_ERROR;
				GCC_WARN_UNDECLARED_SELECTOR = YES;
				GCC_WARN_UNINITIALIZED_AUTOS = YES_AGGRESSIVE;
				GCC_WARN_UNUSED_FUNCTION = YES;
				GCC_WARN_UNUSED_VARIABLE = YES;
				IPHONEOS_DEPLOYMENT_TARGET = 12.1;
				MTL_ENABLE_DEBUG_INFO = INCLUDE_SOURCE;
				MTL_FAST_MATH = YES;
				ONLY_ACTIVE_ARCH = YES;
				SDKROOT = iphoneos;
				SWIFT_ACTIVE_COMPILATION_CONDITIONS = DEBUG;
				SWIFT_OPTIMIZATION_LEVEL = "-Onone";
			};
			name = Debug;
		};
		C4EF136E21E4B54300BEFF18 /* Release */ = {
			isa = XCBuildConfiguration;
			buildSettings = {
				ALWAYS_SEARCH_USER_PATHS = NO;
				CLANG_ANALYZER_NONNULL = YES;
				CLANG_ANALYZER_NUMBER_OBJECT_CONVERSION = YES_AGGRESSIVE;
				CLANG_CXX_LANGUAGE_STANDARD = "gnu++14";
				CLANG_CXX_LIBRARY = "libc++";
				CLANG_ENABLE_MODULES = YES;
				CLANG_ENABLE_OBJC_ARC = YES;
				CLANG_ENABLE_OBJC_WEAK = YES;
				CLANG_WARN_BLOCK_CAPTURE_AUTORELEASING = YES;
				CLANG_WARN_BOOL_CONVERSION = YES;
				CLANG_WARN_COMMA = YES;
				CLANG_WARN_CONSTANT_CONVERSION = YES;
				CLANG_WARN_DEPRECATED_OBJC_IMPLEMENTATIONS = YES;
				CLANG_WARN_DIRECT_OBJC_ISA_USAGE = YES_ERROR;
				CLANG_WARN_DOCUMENTATION_COMMENTS = YES;
				CLANG_WARN_EMPTY_BODY = YES;
				CLANG_WARN_ENUM_CONVERSION = YES;
				CLANG_WARN_INFINITE_RECURSION = YES;
				CLANG_WARN_INT_CONVERSION = YES;
				CLANG_WARN_NON_LITERAL_NULL_CONVERSION = YES;
				CLANG_WARN_OBJC_IMPLICIT_RETAIN_SELF = YES;
				CLANG_WARN_OBJC_LITERAL_CONVERSION = YES;
				CLANG_WARN_OBJC_ROOT_CLASS = YES_ERROR;
				CLANG_WARN_RANGE_LOOP_ANALYSIS = YES;
				CLANG_WARN_STRICT_PROTOTYPES = YES;
				CLANG_WARN_SUSPICIOUS_MOVE = YES;
				CLANG_WARN_UNGUARDED_AVAILABILITY = YES_AGGRESSIVE;
				CLANG_WARN_UNREACHABLE_CODE = YES;
				CLANG_WARN__DUPLICATE_METHOD_MATCH = YES;
				CODE_SIGN_IDENTITY = "iPhone Developer";
				COPY_PHASE_STRIP = NO;
				DEBUG_INFORMATION_FORMAT = "dwarf-with-dsym";
				ENABLE_NS_ASSERTIONS = NO;
				ENABLE_STRICT_OBJC_MSGSEND = YES;
				GCC_C_LANGUAGE_STANDARD = gnu11;
				GCC_NO_COMMON_BLOCKS = YES;
				GCC_WARN_64_TO_32_BIT_CONVERSION = YES;
				GCC_WARN_ABOUT_RETURN_TYPE = YES_ERROR;
				GCC_WARN_UNDECLARED_SELECTOR = YES;
				GCC_WARN_UNINITIALIZED_AUTOS = YES_AGGRESSIVE;
				GCC_WARN_UNUSED_FUNCTION = YES;
				GCC_WARN_UNUSED_VARIABLE = YES;
				IPHONEOS_DEPLOYMENT_TARGET = 12.1;
				MTL_ENABLE_DEBUG_INFO = NO;
				MTL_FAST_MATH = YES;
				SDKROOT = iphoneos;
				SWIFT_COMPILATION_MODE = wholemodule;
				SWIFT_OPTIMIZATION_LEVEL = "-O";
				VALIDATE_PRODUCT = YES;
			};
			name = Release;
		};
		C4EF137021E4B54300BEFF18 /* Debug */ = {
			isa = XCBuildConfiguration;
			buildSettings = {
				ASSETCATALOG_COMPILER_APPICON_NAME = AppIcon;
				CODE_SIGN_STYLE = Automatic;
				DEVELOPMENT_TEAM = 2Q3W9EUX95;
				INFOPLIST_FILE = WW2/Info.plist;
				LD_RUNPATH_SEARCH_PATHS = (
					"$(inherited)",
					"@executable_path/Frameworks",
				);
				PRODUCT_BUNDLE_IDENTIFIER = cinaryusuf.WW2;
				PRODUCT_NAME = "$(TARGET_NAME)";
				SWIFT_VERSION = 4.2;
				TARGETED_DEVICE_FAMILY = "1,2";
			};
			name = Debug;
		};
		C4EF137121E4B54300BEFF18 /* Release */ = {
			isa = XCBuildConfiguration;
			buildSettings = {
				ASSETCATALOG_COMPILER_APPICON_NAME = AppIcon;
				CODE_SIGN_STYLE = Automatic;
				DEVELOPMENT_TEAM = 2Q3W9EUX95;
				INFOPLIST_FILE = WW2/Info.plist;
				LD_RUNPATH_SEARCH_PATHS = (
					"$(inherited)",
					"@executable_path/Frameworks",
				);
				PRODUCT_BUNDLE_IDENTIFIER = cinaryusuf.WW2;
				PRODUCT_NAME = "$(TARGET_NAME)";
				SWIFT_VERSION = 4.2;
				TARGETED_DEVICE_FAMILY = "1,2";
			};
			name = Release;
		};
/* End XCBuildConfiguration section */

/* Begin XCConfigurationList section */
		C4EF135821E4B54100BEFF18 /* Build configuration list for PBXProject "WW2" */ = {
			isa = XCConfigurationList;
			buildConfigurations = (
				C4EF136D21E4B54300BEFF18 /* Debug */,
				C4EF136E21E4B54300BEFF18 /* Release */,
			);
			defaultConfigurationIsVisible = 0;
			defaultConfigurationName = Release;
		};
		C4EF136F21E4B54300BEFF18 /* Build configuration list for PBXNativeTarget "WW2" */ = {
			isa = XCConfigurationList;
			buildConfigurations = (
				C4EF137021E4B54300BEFF18 /* Debug */,
				C4EF137121E4B54300BEFF18 /* Release */,
			);
			defaultConfigurationIsVisible = 0;
			defaultConfigurationName = Release;
		};
/* End XCConfigurationList section */
	};
	rootObject = C4EF135521E4B54100BEFF18 /* Project object */;
}
